
Microsoft Visual Studio Solution File, Format Version 12.00
# Visual Studio Version 17
VisualStudioVersion = 17.2.32516.85
MinimumVisualStudioVersion = 10.0.40219.1
Project("{FAE04EC0-301F-11D3-BF4B-00C04F79EFBC}") = "TestPSession", "TestPSession\TestPSession.csproj", "{BF4170C3-4E12-48C9-BB1A-B4CDF0CB2B5B}"
EndProject
Global
	GlobalSection(SolutionConfigurationPlatforms) = preSolution
		Debug|Any CPU = Debug|Any CPU
		Release|Any CPU = Release|Any CPU
	EndGlobalSection
	GlobalSection(ProjectConfigurationPlatforms) = postSolution
		{BF4170C3-4E12-48C9-BB1A-B4CDF0CB2B5B}.Debug|Any CPU.ActiveCfg = Debug|Any CPU
		{BF4170C3-4E12-48C9-BB1A-B4CDF0CB2B5B}.Debug|Any CPU.Build.0 = Debug|Any CPU
		{BF4170C3-4E12-48C9-BB1A-B4CDF0CB2B5B}.Release|Any CPU.ActiveCfg = Release|Any CPU
		{BF4170C3-4E12-48C9-BB1A-B4CDF0CB2B5B}.Release|Any CPU.Build.0 = Release|Any CPU
	EndGlobalSection
	GlobalSection(SolutionProperties) = preSolution
		HideSolutionNode = FALSE
	EndGlobalSection
	GlobalSection(ExtensibilityGlobals) = postSolution
		SolutionGuid = {D7788918-61A5-453F-ADEE-A7871D61661F}
	EndGlobalSection
EndGlobal
